// !$*UTF8*$!
{
    archiveVersion = 1;
    classes = {
    };
    objectVersion = 56;
    objects = {
        /* Begin PBXBuildFile section */
        1234567890ABCDEF1234567890ABCDEF /* AppDelegate.swift in Sources */ = {isa = PBXBuildFile; fileRef = 1234567890ABCDEF1234567890ABCD01 /* AppDelegate.swift */; };
        1234567890ABCDEF1234567890ABCD02 /* MemoryService.swift in Sources */ = {isa = PBXBuildFile; fileRef = 1234567890ABCDEF1234567890ABCD03 /* MemoryService.swift */; };
        1234567890ABCDEF1234567890ABCD13 /* PythonBrowserService.swift in Sources */ = {isa = PBXBuildFile; fileRef = 1234567890ABCDEF1234567890ABCD14 /* PythonBrowserService.swift */; };
        /* End PBXBuildFile section */
        
        /* Begin PBXFileReference section */
        1234567890ABCDEF1234567890ABCD01 /* AppDelegate.swift */ = {isa = PBXFileReference; lastKnownFileType = sourcecode.swift; path = AppDelegate.swift; sourceTree = "<group>"; };
        1234567890ABCDEF1234567890ABCD03 /* MemoryService.swift */ = {isa = PBXFileReference; lastKnownFileType = sourcecode.swift; path = MemoryService.swift; sourceTree = "<group>"; };
        1234567890ABCDEF1234567890ABCD04 /* CompyMac.app */ = {isa = PBXFileReference; explicitFileType = wrapper.application; includeInIndex = 0; path = CompyMac.app; sourceTree = BUILT_PRODUCTS_DIR; };
        1234567890ABCDEF1234567890ABCD14 /* PythonBrowserService.swift */ = {isa = PBXFileReference; lastKnownFileType = sourcecode.swift; path = PythonBrowserService.swift; sourceTree = "<group>"; };
        /* End PBXFileReference section */
        
        /* Begin PBXFrameworksBuildPhase section */
        1234567890ABCDEF1234567890ABCD05 /* Frameworks */ = {
            isa = PBXFrameworksBuildPhase;
            buildActionMask = 2147483647;
            files = (
            );
            runOnlyForDeploymentPostprocessing = 0;
        };
        /* End PBXFrameworksBuildPhase section */
        
        /* Begin PBXGroup section */
        1234567890ABCDEF1234567890ABCD06 /* CompyMac */ = {
            isa = PBXGroup;
            children = (
                1234567890ABCDEF1234567890ABCD01 /* AppDelegate.swift */,
                1234567890ABCDEF1234567890ABCD03 /* MemoryService.swift */,
                1234567890ABCDEF1234567890ABCD14 /* PythonBrowserService.swift */,
            );
            path = CompyMac;
            sourceTree = "<group>";
        };
        1234567890ABCDEF1234567890ABCD07 /* Products */ = {
            isa = PBXGroup;
            children = (
                1234567890ABCDEF1234567890ABCD04 /* CompyMac.app */,
            );
            name = Products;
            sourceTree = "<group>";
        };
        1234567890ABCDEF1234567890ABCD08 = {
            isa = PBXGroup;
            children = (
                1234567890ABCDEF1234567890ABCD06 /* CompyMac */,
                1234567890ABCDEF1234567890ABCD07 /* Products */,
            );
            sourceTree = "<group>";
        };
        /* End PBXGroup section */
        
        /* Begin PBXNativeTarget section */
        1234567890ABCDEF1234567890ABCD09 /* CompyMac */ = {
            isa = PBXNativeTarget;
            buildConfigurationList = 1234567890ABCDEF1234567890ABCD0A /* Build configuration list for PBXNativeTarget "CompyMac" */;
            buildPhases = (
                1234567890ABCDEF1234567890ABCD05 /* Frameworks */,
                1234567890ABCDEF1234567890ABCD0B /* Sources */,
                1234567890ABCDEF1234567890ABCD0C /* Resources */,
            );
            buildRules = (
            );
            dependencies = (
            );
            name = CompyMac;
            productName = CompyMac;
            productReference = 1234567890ABCDEF1234567890ABCD04 /* CompyMac.app */;
            productType = "com.apple.product-type.application";
        };
        /* End PBXNativeTarget section */
        
        /* Begin PBXProject section */
        1234567890ABCDEF1234567890ABCD0D /* Project object */ = {
            isa = PBXProject;
            attributes = {
                LastSwiftUpdateCheck = 1500;
                LastUpgradeCheck = 1500;
                ORGANIZATIONNAME = "Jack Hacksman";
                TargetAttributes = {
                    1234567890ABCDEF1234567890ABCD09 = {
                        CreatedOnToolsVersion = 15.0;
                    };
                };
            };
            buildConfigurationList = 1234567890ABCDEF1234567890ABCD0E /* Build configuration list for PBXProject "CompyMac" */;
            compatibilityVersion = "Xcode 14.0";
            developmentRegion = en;
            hasScannedForEncodings = 0;
            knownRegions = (
                en,
                Base,
            );
            mainGroup = 1234567890ABCDEF1234567890ABCD08;
            productRefGroup = 1234567890ABCDEF1234567890ABCD07 /* Products */;
            projectDirPath = "";
            projectRoot = "";
            targets = (
                1234567890ABCDEF1234567890ABCD09 /* CompyMac */,
            );
        };
        /* End PBXProject section */
        
        /* Begin PBXResourcesBuildPhase section */
        1234567890ABCDEF1234567890ABCD0C /* Resources */ = {
            isa = PBXResourcesBuildPhase;
            buildActionMask = 2147483647;
            files = (
            );
            runOnlyForDeploymentPostprocessing = 0;
        };
        /* End PBXResourcesBuildPhase section */
        
        /* Begin PBXSourcesBuildPhase section */
        1234567890ABCDEF1234567890ABCD0B /* Sources */ = {
            isa = PBXSourcesBuildPhase;
            buildActionMask = 2147483647;
            files = (
                1234567890ABCDEF1234567890ABCDEF /* AppDelegate.swift in Sources */,
                1234567890ABCDEF1234567890ABCD02 /* MemoryService.swift in Sources */,
                1234567890ABCDEF1234567890ABCD13 /* PythonBrowserService.swift in Sources */,
            );
            runOnlyForDeploymentPostprocessing = 0;
        };
        /* End PBXSourcesBuildPhase section */
        
        /* Begin XCBuildConfiguration section */
        1234567890ABCDEF1234567890ABCD0F /* Debug */ = {
            isa = XCBuildConfiguration;
            buildSettings = {
                ALWAYS_SEARCH_USER_PATHS = NO;
                CLANG_ANALYZER_NONNULL = YES;
                CLANG_ANALYZER_NUMBER_OBJECT_CONVERSION = YES_AGGRESSIVE;
                CLANG_CXX_LANGUAGE_STANDARD = "gnu++20";
                CLANG_ENABLE_MODULES = YES;
                CLANG_ENABLE_OBJC_ARC = YES;
                CLANG_ENABLE_OBJC_WEAK = YES;
                CLANG_WARN_BLOCK_CAPTURE_AUTORELEASING = YES;
                CLANG_WARN_BOOL_CONVERSION = YES;
                CLANG_WARN_COMMA = YES;
                CLANG_WARN_CONSTANT_CONVERSION = YES;
                CLANG_WARN_DEPRECATED_OBJC_IMPLEMENTATIONS = YES;
                CLANG_WARN_DIRECT_OBJC_ISA_USAGE = YES_ERROR;
                CLANG_WARN_DOCUMENTATION_COMMENTS = YES;
                CLANG_WARN_EMPTY_BODY = YES;
                CLANG_WARN_ENUM_CONVERSION = YES;
                CLANG_WARN_INFINITE_RECURSION = YES;
                CLANG_WARN_INT_CONVERSION = YES;
                CLANG_WARN_NON_LITERAL_NULL_CONVERSION = YES;
                CLANG_WARN_OBJC_IMPLICIT_RETAIN_SELF = YES;
                CLANG_WARN_OBJC_LITERAL_CONVERSION = YES;
                CLANG_WARN_OBJC_ROOT_CLASS = YES_ERROR;
                CLANG_WARN_QUOTED_INCLUDE_IN_FRAMEWORK_HEADER = YES;
                CLANG_WARN_RANGE_LOOP_ANALYSIS = YES;
                CLANG_WARN_STRICT_PROTOTYPES = YES;
                CLANG_WARN_SUSPICIOUS_MOVE = YES;
                CLANG_WARN_UNGUARDED_AVAILABILITY = YES_AGGRESSIVE;
                CLANG_WARN_UNREACHABLE_CODE = YES;
                CLANG_WARN__DUPLICATE_METHOD_MATCH = YES;
                COPY_PHASE_STRIP = NO;
                DEBUG_INFORMATION_FORMAT = dwarf;
                ENABLE_STRICT_OBJC_MSGSEND = YES;
                ENABLE_TESTABILITY = YES;
                GCC_C_LANGUAGE_STANDARD = gnu11;
                GCC_DYNAMIC_NO_PIC = NO;
                GCC_NO_COMMON_BLOCKS = YES;
                GCC_OPTIMIZATION_LEVEL = 0;
                GCC_PREPROCESSOR_DEFINITIONS = (
                    "DEBUG=1",
                    "$(inherited)",
                );
                GCC_WARN_64_TO_32_BIT_CONVERSION = YES;
                GCC_WARN_ABOUT_RETURN_TYPE = YES_ERROR;
                GCC_WARN_UNDECLARED_SELECTOR = YES;
                GCC_WARN_UNINITIALIZED_AUTOS = YES_AGGRESSIVE;
                GCC_WARN_UNUSED_FUNCTION = YES;
                GCC_WARN_UNUSED_VARIABLE = YES;
                MACOSX_DEPLOYMENT_TARGET = 14.0;
                MTL_ENABLE_DEBUG_INFO = INCLUDE_SOURCE;
                MTL_FAST_MATH = YES;
                ONLY_ACTIVE_ARCH = YES;
                SDKROOT = macosx;
                SWIFT_ACTIVE_COMPILATION_CONDITIONS = DEBUG;
                SWIFT_OPTIMIZATION_LEVEL = "-Onone";
            };
            name = Debug;
        };
        1234567890ABCDEF1234567890ABCD10 /* Release */ = {
            isa = XCBuildConfiguration;
            buildSettings = {
                ALWAYS_SEARCH_USER_PATHS = NO;
                CLANG_ANALYZER_NONNULL = YES;
                CLANG_ANALYZER_NUMBER_OBJECT_CONVERSION = YES_AGGRESSIVE;
                CLANG_CXX_LANGUAGE_STANDARD = "gnu++20";
                CLANG_ENABLE_MODULES = YES;
                CLANG_ENABLE_OBJC_ARC = YES;
                CLANG_ENABLE_OBJC_WEAK = YES;
                CLANG_WARN_BLOCK_CAPTURE_AUTORELEASING = YES;
                CLANG_WARN_BOOL_CONVERSION = YES;
                CLANG_WARN_COMMA = YES;
                CLANG_WARN_CONSTANT_CONVERSION = YES;
                CLANG_WARN_DEPRECATED_OBJC_IMPLEMENTATIONS = YES;
                CLANG_WARN_DIRECT_OBJC_ISA_USAGE = YES_ERROR;
                CLANG_WARN_DOCUMENTATION_COMMENTS = YES;
                CLANG_WARN_EMPTY_BODY = YES;
                CLANG_WARN_ENUM_CONVERSION = YES;
                CLANG_WARN_INFINITE_RECURSION = YES;
                CLANG_WARN_INT_CONVERSION = YES;
                CLANG_WARN_NON_LITERAL_NULL_CONVERSION = YES;
                CLANG_WARN_OBJC_IMPLICIT_RETAIN_SELF = YES;
                CLANG_WARN_OBJC_LITERAL_CONVERSION = YES;
                CLANG_WARN_OBJC_ROOT_CLASS = YES_ERROR;
                CLANG_WARN_QUOTED_INCLUDE_IN_FRAMEWORK_HEADER = YES;
                CLANG_WARN_RANGE_LOOP_ANALYSIS = YES;
                CLANG_WARN_STRICT_PROTOTYPES = YES;
                CLANG_WARN_SUSPICIOUS_MOVE = YES;
                CLANG_WARN_UNGUARDED_AVAILABILITY = YES_AGGRESSIVE;
                CLANG_WARN_UNREACHABLE_CODE = YES;
                CLANG_WARN__DUPLICATE_METHOD_MATCH = YES;
                COPY_PHASE_STRIP = NO;
                DEBUG_INFORMATION_FORMAT = "dwarf-with-dsym";
                ENABLE_NS_ASSERTIONS = NO;
                ENABLE_STRICT_OBJC_MSGSEND = YES;
                GCC_C_LANGUAGE_STANDARD = gnu11;
                GCC_NO_COMMON_BLOCKS = YES;
                GCC_WARN_64_TO_32_BIT_CONVERSION = YES;
                GCC_WARN_ABOUT_RETURN_TYPE = YES_ERROR;
                GCC_WARN_UNDECLARED_SELECTOR = YES;
                GCC_WARN_UNINITIALIZED_AUTOS = YES_AGGRESSIVE;
                GCC_WARN_UNUSED_FUNCTION = YES;
                GCC_WARN_UNUSED_VARIABLE = YES;
                MACOSX_DEPLOYMENT_TARGET = 14.0;
                MTL_ENABLE_DEBUG_INFO = NO;
                MTL_FAST_MATH = YES;
                SDKROOT = macosx;
                SWIFT_COMPILATION_MODE = wholemodule;
                SWIFT_OPTIMIZATION_LEVEL = "-O";
            };
            name = Release;
        };
        1234567890ABCDEF1234567890ABCD11 /* Debug */ = {
            isa = XCBuildConfiguration;
            buildSettings = {
                ASSETCATALOG_COMPILER_APPICON_NAME = AppIcon;
                ASSETCATALOG_COMPILER_GLOBAL_ACCENT_COLOR_NAME = AccentColor;
                CODE_SIGN_STYLE = Automatic;
                COMBINE_HIDPI_IMAGES = YES;
                CURRENT_PROJECT_VERSION = 1;
                GENERATE_INFOPLIST_FILE = YES;
                INFOPLIST_KEY_NSHumanReadableCopyright = "";
                INFOPLIST_KEY_NSMainStoryboardFile = Main;
                INFOPLIST_KEY_NSPrincipalClass = NSApplication;
                LD_RUNPATH_SEARCH_PATHS = (
                    "$(inherited)",
                    "@executable_path/../Frameworks",
                );
                MARKETING_VERSION = 1.0;
                PRODUCT_BUNDLE_IDENTIFIER = com.jhacksman.CompyMac;
                PRODUCT_NAME = "$(TARGET_NAME)";
                SWIFT_EMIT_LOC_STRINGS = YES;
                SWIFT_VERSION = 5.0;
            };
            name = Debug;
        };
        1234567890ABCDEF1234567890ABCD12 /* Release */ = {
            isa = XCBuildConfiguration;
            buildSettings = {
                ASSETCATALOG_COMPILER_APPICON_NAME = AppIcon;
                ASSETCATALOG_COMPILER_GLOBAL_ACCENT_COLOR_NAME = AccentColor;
                CODE_SIGN_STYLE = Automatic;
                COMBINE_HIDPI_IMAGES = YES;
                CURRENT_PROJECT_VERSION = 1;
                GENERATE_INFOPLIST_FILE = YES;
                INFOPLIST_KEY_NSHumanReadableCopyright = "";
                INFOPLIST_KEY_NSMainStoryboardFile = Main;
                INFOPLIST_KEY_NSPrincipalClass = NSApplication;
                LD_RUNPATH_SEARCH_PATHS = (
                    "$(inherited)",
                    "@executable_path/../Frameworks",
                );
                MARKETING_VERSION = 1.0;
                PRODUCT_BUNDLE_IDENTIFIER = com.jhacksman.CompyMac;
                PRODUCT_NAME = "$(TARGET_NAME)";
                SWIFT_EMIT_LOC_STRINGS = YES;
                SWIFT_VERSION = 5.0;
            };
            name = Release;
        };
        /* End XCBuildConfiguration section */
        
        /* Begin XCConfigurationList section */
        1234567890ABCDEF1234567890ABCD0A /* Build configuration list for PBXNativeTarget "CompyMac" */ = {
            isa = XCConfigurationList;
            buildConfigurations = (
                1234567890ABCDEF1234567890ABCD11 /* Debug */,
                1234567890ABCDEF1234567890ABCD12 /* Release */,
            );
            defaultConfigurationIsVisible = 0;
            defaultConfigurationName = Release;
        };
        1234567890ABCDEF1234567890ABCD0E /* Build configuration list for PBXProject "CompyMac" */ = {
            isa = XCConfigurationList;
            buildConfigurations = (
                1234567890ABCDEF1234567890ABCD0F /* Debug */,
                1234567890ABCDEF1234567890ABCD10 /* Release */,
            );
            defaultConfigurationIsVisible = 0;
            defaultConfigurationName = Release;
        };
        /* End XCConfigurationList section */
    };
    rootObject = 1234567890ABCDEF1234567890ABCD0D /* Project object */;
}
